
Microsoft Visual Studio Solution File, Format Version 12.00
# Visual Studio Version 17
VisualStudioVersion = 17.2.32616.157
MinimumVisualStudioVersion = 10.0.40219.1
Project("{FAE04EC0-301F-11D3-BF4B-00C04F79EFBC}") = "ChargeIt", "ChargeIt\ChargeIt.csproj", "{6C898EE5-8579-4469-87FF-436CA975FF8E}"
EndProject
Global
	GlobalSection(SolutionConfigurationPlatforms) = preSolution
		Debug|Any CPU = Debug|Any CPU
		Release|Any CPU = Release|Any CPU
	EndGlobalSection
	GlobalSection(ProjectConfigurationPlatforms) = postSolution
		{6C898EE5-8579-4469-87FF-436CA975FF8E}.Debug|Any CPU.ActiveCfg = Debug|Any CPU
		{6C898EE5-8579-4469-87FF-436CA975FF8E}.Debug|Any CPU.Build.0 = Debug|Any CPU
		{6C898EE5-8579-4469-87FF-436CA975FF8E}.Release|Any CPU.ActiveCfg = Release|Any CPU
		{6C898EE5-8579-4469-87FF-436CA975FF8E}.Release|Any CPU.Build.0 = Release|Any CPU
	EndGlobalSection
	GlobalSection(SolutionProperties) = preSolution
		HideSolutionNode = FALSE
	EndGlobalSection
	GlobalSection(ExtensibilityGlobals) = postSolution
		SolutionGuid = {269E0CE0-340D-4F6D-BA6A-82AD505EAB5D}
	EndGlobalSection
EndGlobal
